# This file is automatically @generated by Cargo.
# It is not intended for manual editing.
version = 4

[[package]]
name = "abi"
version = "0.1.0"

[[package]]
name = "display-client-demo"
version = "0.1.0"

[[package]]
name = "display-proto"
version = "0.1.0"

[[package]]
name = "display-server"
version = "0.1.0"
dependencies = [
 "abi",
 "display-proto",
 "ring",
]

[[package]]
name = "display-server-lite"
version = "0.1.0"

[[package]]
name = "edit"
version = "0.1.0"
dependencies = [
 "abi",
 "toolkit",
]

[[package]]
name = "files"
version = "0.1.0"
dependencies = [
 "abi",
 "toolkit",
]

[[package]]
name = "hello-clock"
version = "0.1.0"

[[package]]
name = "hello-fb-blit"
version = "0.1.0"

[[package]]
name = "hello-framebuffer"
version = "0.1.0"

[[package]]
name = "hello-input-echo"
version = "0.1.0"

[[package]]
name = "hello-sigchld"
version = "0.1.0"

[[package]]
name = "hello-std"
version = "0.1.0"

[[package]]
name = "hello-wasi-bootstrap"
version = "0.1.0"

[[package]]
name = "hello-wasi-min"
version = "0.1.0"

[[package]]
name = "hello-wasi-spawner"
version = "0.1.0"

[[package]]
name = "init"
version = "0.1.0"
dependencies = [
 "abi",
]

[[package]]
name = "integration-tests"
version = "0.1.0"
dependencies = [
 "abi",
 "display-proto",
 "display-server",
 "kernel",
 "sh",
 "shell",
 "term",
 "toolkit",
 "toolkit-free-client",
]

[[package]]
name = "ipc-self-test"
version = "0.1.0"

[[package]]
name = "kernel"
version = "0.1.0"
dependencies = [
 "abi",
 "ring",
]

[[package]]
name = "ring"
version = "0.1.0"
dependencies = [
 "abi",
]

[[package]]
name = "sample-app"
version = "0.1.0"
dependencies = [
 "toolkit",
]

[[package]]
name = "settings"
version = "0.1.0"
dependencies = [
 "abi",
 "toolkit",
]

[[package]]
name = "sh"
version = "0.1.0"
dependencies = [
 "abi",
]

[[package]]
name = "shell"
version = "0.1.0"
dependencies = [
 "abi",
 "display-proto",
 "toolkit",
]

[[package]]
name = "sysmon"
version = "0.1.0"
dependencies = [
 "abi",
 "toolkit",
]

[[package]]
name = "term"
version = "0.1.0"
dependencies = [
 "abi",
 "display-proto",
 "sh",
 "toolkit",
]

[[package]]
name = "toolkit"
version = "0.1.0"
dependencies = [
 "abi",
 "display-proto",
 "display-server",
]

[[package]]
name = "toolkit-free-client"
version = "0.1.0"
dependencies = [
 "abi",
 "display-proto",
 "display-server",
]

[[package]]
name = "xtask"
version = "0.1.0"
dependencies = [
 "abi",
]
